[[package]]
name = "dynaconf"
version = "3.1.9"
description = "The dynamic configurator for your Python Project"
category = "main"
optional = false
python-versions = ">=3.7"

[package.extras]
all = ["redis", "ruamel.yaml", "configobj", "hvac"]
configobj = ["configobj"]
ini = ["configobj"]
redis = ["redis"]
test = ["pytest", "pytest-cov", "pytest-xdist", "pytest-mock", "flake8", "pep8-naming", "flake8-debugger", "flake8-print", "flake8-todo", "radon", "flask (>=0.12)", "django", "python-dotenv", "toml", "codecov", "redis", "hvac", "configobj"]
toml = ["toml"]
vault = ["hvac"]
yaml = ["ruamel.yaml"]

[metadata]
lock-version = "1.1"
python-versions = "^3.10"
content-hash = "6858337b27a04173885a5c8aff1a13d2265276b92af5f9e0ed69d37338ea7c8d"

[metadata.files]
dynaconf = []
